
Microsoft Visual Studio Solution File, Format Version 12.00
# Visual Studio Version 16
VisualStudioVersion = 16.0.30114.105
MinimumVisualStudioVersion = 10.0.40219.1
Project("{FAE04EC0-301F-11D3-BF4B-00C04F79EFBC}") = "ApiDemo", "ApiDemo\ApiDemo.csproj", "{AE728CB5-4134-47EB-A655-E17EDB1783F4}"
EndProject
Global
	GlobalSection(SolutionConfigurationPlatforms) = preSolution
		Debug|Any CPU = Debug|Any CPU
		Release|Any CPU = Release|Any CPU
	EndGlobalSection
	GlobalSection(ProjectConfigurationPlatforms) = postSolution
		{AE728CB5-4134-47EB-A655-E17EDB1783F4}.Debug|Any CPU.ActiveCfg = Debug|Any CPU
		{AE728CB5-4134-47EB-A655-E17EDB1783F4}.Debug|Any CPU.Build.0 = Debug|Any CPU
		{AE728CB5-4134-47EB-A655-E17EDB1783F4}.Release|Any CPU.ActiveCfg = Release|Any CPU
		{AE728CB5-4134-47EB-A655-E17EDB1783F4}.Release|Any CPU.Build.0 = Release|Any CPU
	EndGlobalSection
	GlobalSection(SolutionProperties) = preSolution
		HideSolutionNode = FALSE
	EndGlobalSection
	GlobalSection(ExtensibilityGlobals) = postSolution
		SolutionGuid = {E2BA4301-9084-4D41-AA7C-DF8D7EA2B9DA}
	EndGlobalSection
EndGlobal
